
Microsoft Visual Studio Solution File, Format Version 12.00
# Visual Studio Version 17
VisualStudioVersion = 17.6.33815.320
MinimumVisualStudioVersion = 10.0.40219.1
Project("{FAE04EC0-301F-11D3-BF4B-00C04F79EFBC}") = "Henger OOP", "Henger OOP\Henger OOP.csproj", "{B5033ADF-D70B-41B3-A4A7-7F22B7EC09EA}"
EndProject
Global
	GlobalSection(SolutionConfigurationPlatforms) = preSolution
		Debug|Any CPU = Debug|Any CPU
		Release|Any CPU = Release|Any CPU
	EndGlobalSection
	GlobalSection(ProjectConfigurationPlatforms) = postSolution
		{B5033ADF-D70B-41B3-A4A7-7F22B7EC09EA}.Debug|Any CPU.ActiveCfg = Debug|Any CPU
		{B5033ADF-D70B-41B3-A4A7-7F22B7EC09EA}.Debug|Any CPU.Build.0 = Debug|Any CPU
		{B5033ADF-D70B-41B3-A4A7-7F22B7EC09EA}.Release|Any CPU.ActiveCfg = Release|Any CPU
		{B5033ADF-D70B-41B3-A4A7-7F22B7EC09EA}.Release|Any CPU.Build.0 = Release|Any CPU
	EndGlobalSection
	GlobalSection(SolutionProperties) = preSolution
		HideSolutionNode = FALSE
	EndGlobalSection
	GlobalSection(ExtensibilityGlobals) = postSolution
		SolutionGuid = {A56C52C4-24BC-4138-913D-9968DC5394EB}
	EndGlobalSection
EndGlobal
